// !$*UTF8*$!
{
	archiveVersion = 1;
	classes = {
	};
	objectVersion = 55;
	objects = {

/* Begin PBXFileReference section */
		AC08A62627D5BB7E004B0AB0 /* index.html */ = {isa = PBXFileReference; lastKnownFileType = text.html; path = index.html; sourceTree = "<group>"; };
		AC08A62727D5BB7E004B0AB0 /* style.css */ = {isa = PBXFileReference; lastKnownFileType = text.css; path = style.css; sourceTree = "<group>"; };
/* End PBXFileReference section */

/* Begin PBXGroup section */
		AC08A61F27D5B147004B0AB0 = {
			isa = PBXGroup;
			children = (
				AC08A62627D5BB7E004B0AB0 /* index.html */,
				AC08A62727D5BB7E004B0AB0 /* style.css */,
			);
			sourceTree = "<group>";
		};
/* End PBXGroup section */

/* Begin PBXProject section */
		AC08A62027D5B147004B0AB0 /* Project object */ = {
			isa = PBXProject;
			attributes = {
				BuildIndependentTargetsInParallel = 1;
				LastUpgradeCheck = 1320;
			};
			buildConfigurationList = AC08A62327D5B147004B0AB0 /* Build configuration list for PBXProject "HON202" */;
			compatibilityVersion = "Xcode 13.0";
			developmentRegion = en;
			hasScannedForEncodings = 0;
			knownRegions = (
				en,
				Base,
			);
			mainGroup = AC08A61F27D5B147004B0AB0;
			projectDirPath = "";
			projectRoot = "";
			targets = (
			);
		};
/* End PBXProject section */

/* Begin XCBuildConfiguration section */
		AC08A62427D5B147004B0AB0 /* Debug */ = {
			isa = XCBuildConfiguration;
			buildSettings = {
			};
			name = Debug;
		};
		AC08A62527D5B147004B0AB0 /* Release */ = {
			isa = XCBuildConfiguration;
			buildSettings = {
			};
			name = Release;
		};
/* End XCBuildConfiguration section */

/* Begin XCConfigurationList section */
		AC08A62327D5B147004B0AB0 /* Build configuration list for PBXProject "HON202" */ = {
			isa = XCConfigurationList;
			buildConfigurations = (
				AC08A62427D5B147004B0AB0 /* Debug */,
				AC08A62527D5B147004B0AB0 /* Release */,
			);
			defaultConfigurationIsVisible = 0;
			defaultConfigurationName = Release;
		};
/* End XCConfigurationList section */
	};
	rootObject = AC08A62027D5B147004B0AB0 /* Project object */;
}
