// !$*UTF8*$!
{
	archiveVersion = 1;
	classes = {
	};
	objectVersion = 55;
	objects = {

/* Begin PBXFileReference section */
		AC08A62627D5BB7E004B0AB0 /* index.html */ = {isa = PBXFileReference; lastKnownFileType = text.html; path = index.html; sourceTree = "<group>"; };
		AC08A62727D5BB7E004B0AB0 /* style.css */ = {isa = PBXFileReference; lastKnownFileType = text.css; path = style.css; sourceTree = "<group>"; };
		AC50398027D5D3DE00995472 /* introduction.html */ = {isa = PBXFileReference; lastKnownFileType = text.html; path = introduction.html; sourceTree = "<group>"; };
		AC50398127D5D99100995472 /* background.html */ = {isa = PBXFileReference; lastKnownFileType = text.html; path = background.html; sourceTree = "<group>"; };
		AC50398327D5E2C700995472 /* Bangkok_Road.jpeg */ = {isa = PBXFileReference; lastKnownFileType = image.jpeg; path = Bangkok_Road.jpeg; sourceTree = "<group>"; };
		AC50398427D5E37100995472 /* rational.html */ = {isa = PBXFileReference; lastKnownFileType = text.html; path = rational.html; sourceTree = "<group>"; };
		AC50398527D5E51C00995472 /* empty.html */ = {isa = PBXFileReference; lastKnownFileType = text.html; path = empty.html; sourceTree = "<group>"; };
		AC50398627D5E57500995472 /* methods.html */ = {isa = PBXFileReference; lastKnownFileType = text.html; path = methods.html; sourceTree = "<group>"; };
		AC50398727D5E62F00995472 /* conclusion.html */ = {isa = PBXFileReference; lastKnownFileType = text.html; path = conclusion.html; sourceTree = "<group>"; };
		AC50398927D5E6D900995472 /* references.html */ = {isa = PBXFileReference; lastKnownFileType = text.html; path = references.html; sourceTree = "<group>"; };
/* End PBXFileReference section */

/* Begin PBXGroup section */
		AC08A61F27D5B147004B0AB0 = {
			isa = PBXGroup;
			children = (
				AC50398627D5E57500995472 /* methods.html */,
				AC50398527D5E51C00995472 /* empty.html */,
				AC50398727D5E62F00995472 /* conclusion.html */,
				AC50398927D5E6D900995472 /* references.html */,
				AC50398427D5E37100995472 /* rational.html */,
				AC50398327D5E2C700995472 /* Bangkok_Road.jpeg */,
				AC08A62627D5BB7E004B0AB0 /* index.html */,
				AC50398027D5D3DE00995472 /* introduction.html */,
				AC50398127D5D99100995472 /* background.html */,
				AC08A62727D5BB7E004B0AB0 /* style.css */,
			);
			sourceTree = "<group>";
		};
/* End PBXGroup section */

/* Begin PBXProject section */
		AC08A62027D5B147004B0AB0 /* Project object */ = {
			isa = PBXProject;
			attributes = {
				BuildIndependentTargetsInParallel = 1;
				LastUpgradeCheck = 1320;
			};
			buildConfigurationList = AC08A62327D5B147004B0AB0 /* Build configuration list for PBXProject "HON202" */;
			compatibilityVersion = "Xcode 13.0";
			developmentRegion = en;
			hasScannedForEncodings = 0;
			knownRegions = (
				en,
				Base,
			);
			mainGroup = AC08A61F27D5B147004B0AB0;
			projectDirPath = "";
			projectRoot = "";
			targets = (
			);
		};
/* End PBXProject section */

/* Begin XCBuildConfiguration section */
		AC08A62427D5B147004B0AB0 /* Debug */ = {
			isa = XCBuildConfiguration;
			buildSettings = {
			};
			name = Debug;
		};
		AC08A62527D5B147004B0AB0 /* Release */ = {
			isa = XCBuildConfiguration;
			buildSettings = {
			};
			name = Release;
		};
/* End XCBuildConfiguration section */

/* Begin XCConfigurationList section */
		AC08A62327D5B147004B0AB0 /* Build configuration list for PBXProject "HON202" */ = {
			isa = XCConfigurationList;
			buildConfigurations = (
				AC08A62427D5B147004B0AB0 /* Debug */,
				AC08A62527D5B147004B0AB0 /* Release */,
			);
			defaultConfigurationIsVisible = 0;
			defaultConfigurationName = Release;
		};
/* End XCConfigurationList section */
	};
	rootObject = AC08A62027D5B147004B0AB0 /* Project object */;
}
